
Microsoft Visual Studio Solution File, Format Version 12.00
# Visual Studio 15
VisualStudioVersion = 15.0.28307.1585
MinimumVisualStudioVersion = 10.0.40219.1
Project("{FAE04EC0-301F-11D3-BF4B-00C04F79EFBC}") = "Project.Entities", "Project.Entities\Project.Entities.csproj", "{85F4B69B-EF24-4867-9B52-8A4182C1E259}"
EndProject
Project("{FAE04EC0-301F-11D3-BF4B-00C04F79EFBC}") = "projectAPI", "projectAPI\projectAPI.csproj", "{F0120D33-B3EA-423D-922E-569D58EA802D}"
EndProject
Project("{FAE04EC0-301F-11D3-BF4B-00C04F79EFBC}") = "WebAPIJWT", "WebAPIJWT\WebAPIJWT.csproj", "{923DDFC0-686E-4F65-9530-58A0AEA115BD}"
EndProject
Global
	GlobalSection(SolutionConfigurationPlatforms) = preSolution
		Debug|Any CPU = Debug|Any CPU
		Release|Any CPU = Release|Any CPU
	EndGlobalSection
	GlobalSection(ProjectConfigurationPlatforms) = postSolution
		{85F4B69B-EF24-4867-9B52-8A4182C1E259}.Debug|Any CPU.ActiveCfg = Debug|Any CPU
		{85F4B69B-EF24-4867-9B52-8A4182C1E259}.Debug|Any CPU.Build.0 = Debug|Any CPU
		{85F4B69B-EF24-4867-9B52-8A4182C1E259}.Release|Any CPU.ActiveCfg = Release|Any CPU
		{85F4B69B-EF24-4867-9B52-8A4182C1E259}.Release|Any CPU.Build.0 = Release|Any CPU
		{F0120D33-B3EA-423D-922E-569D58EA802D}.Debug|Any CPU.ActiveCfg = Debug|Any CPU
		{F0120D33-B3EA-423D-922E-569D58EA802D}.Debug|Any CPU.Build.0 = Debug|Any CPU
		{F0120D33-B3EA-423D-922E-569D58EA802D}.Release|Any CPU.ActiveCfg = Release|Any CPU
		{F0120D33-B3EA-423D-922E-569D58EA802D}.Release|Any CPU.Build.0 = Release|Any CPU
		{923DDFC0-686E-4F65-9530-58A0AEA115BD}.Debug|Any CPU.ActiveCfg = Debug|Any CPU
		{923DDFC0-686E-4F65-9530-58A0AEA115BD}.Debug|Any CPU.Build.0 = Debug|Any CPU
		{923DDFC0-686E-4F65-9530-58A0AEA115BD}.Release|Any CPU.ActiveCfg = Release|Any CPU
		{923DDFC0-686E-4F65-9530-58A0AEA115BD}.Release|Any CPU.Build.0 = Release|Any CPU
	EndGlobalSection
	GlobalSection(SolutionProperties) = preSolution
		HideSolutionNode = FALSE
	EndGlobalSection
	GlobalSection(ExtensibilityGlobals) = postSolution
		SolutionGuid = {0E8059DA-5ABD-4269-95DF-D6D2642870CB}
	EndGlobalSection
EndGlobal
